PODS:
  - AFNetworkActivityLogger (3.0.0):
    - AFNetworking/NSURLSession (~> 3.0)
  - AFNetworking/NSURLSession (3.2.1):
    - AFNetworking/Reachability
    - AFNetworking/Security
    - AFNetworking/Serialization
  - AFNetworking/Reachability (3.2.1)
  - AFNetworking/Security (3.2.1)
  - AFNetworking/Serialization (3.2.1)
  - AFNetworkingExtension (1.4.0):
    - AFNetworkingExtension/Logger (= 1.4.0)
    - AFNetworkingExtension/NSURLSession (= 1.4.0)
    - AFNetworkingExtension/Reachability (= 1.4.0)
    - AFNetworkingExtension/Serialization (= 1.4.0)
  - AFNetworkingExtension/Logger (1.4.0):
    - AFNetworkActivityLogger (~> 3.0)
    - AFNetworking/NSURLSession (~> 3.0)
    - ESFramework/Core (~> 3.18)
  - AFNetworkingExtension/NSURLSession (1.4.0):
    - AFNetworking/NSURLSession (~> 3.0)
  - AFNetworkingExtension/Reachability (1.4.0):
    - AFNetworking/Reachability (>= 2.0)
  - AFNetworkingExtension/Serialization (1.4.0):
    - AFNetworking/Serialization (~> 3.0)
    - ESFramework/Foundation (~> 3.18)
  - ESAPIClient (1.5.1):
    - AFNetworking/NSURLSession (~> 3.0)
  - ESFramework/Core (3.18.6)
  - ESFramework/Foundation (3.18.6):
    - ESFramework/Core

DEPENDENCIES:
  - AFNetworkingExtension
  - ESAPIClient (from `.`)

SPEC REPOS:
  https://github.com/cocoapods/specs.git:
    - AFNetworkActivityLogger
    - AFNetworking
    - AFNetworkingExtension
    - ESFramework

EXTERNAL SOURCES:
  ESAPIClient:
    :path: "."

SPEC CHECKSUMS:
  AFNetworkActivityLogger: e77f68d014becb33c4306a23f56a64906ff72670
  AFNetworking: b6f891fdfaed196b46c7a83cf209e09697b94057
  AFNetworkingExtension: 8c8fba56b0aa28bcaebc9fbc099564f2027a1c3c
  ESAPIClient: 54286159c13ad8ac2b05f1e197e3478bb6c1fc18
  ESFramework: 9dcbb0e69253ad69c33f5a48a93e17da6a082535

PODFILE CHECKSUM: 2942b4c7ce387deeefb26900fca8720acddd3047

COCOAPODS: 1.7.5
