PODS:
  - AFNetworking/NSURLSession (3.2.1):
    - AFNetworking/Reachability
    - AFNetworking/Security
    - AFNetworking/Serialization
  - AFNetworking/Reachability (3.2.1)
  - AFNetworking/Security (3.2.1)
  - AFNetworking/Serialization (3.2.1)
  - AFNetworkingExtension (0.0.1):
    - AFNetworkingExtension/Reachability (= 0.0.1)
  - AFNetworkingExtension/Reachability (0.0.1):
    - AFNetworking/Reachability (>= 2.0)
  - ESAPIClient (1.5.2):
    - AFNetworking/NSURLSession (~> 3.0)

DEPENDENCIES:
  - AFNetworkingExtension
  - ESAPIClient (from `.`)

SPEC REPOS:
  trunk:
    - AFNetworking
    - AFNetworkingExtension

EXTERNAL SOURCES:
  ESAPIClient:
    :path: "."

SPEC CHECKSUMS:
  AFNetworking: b6f891fdfaed196b46c7a83cf209e09697b94057
  AFNetworkingExtension: 30eec2e7b2faf626de2a791636f6be9f5fa831e2
  ESAPIClient: c44b2e901580309a4c6befccacac0ea99726fdd2

PODFILE CHECKSUM: c12b572b5c9c25a71ff1293ba32ad5d3965b8685

COCOAPODS: 1.9.0
